// !$*UTF8*$!
{
	archiveVersion = 1;
	classes = {
	};
	objectVersion = 46;
	objects = {

/* Begin PBXBuildFile section */
		4FAC5EDF19707CE40007D988 /* Foundation.framework in Frameworks */ = {isa = PBXBuildFile; fileRef = 4FAC5EDE19707CE40007D988 /* Foundation.framework */; };
		4FAC5EE119707CE40007D988 /* CoreGraphics.framework in Frameworks */ = {isa = PBXBuildFile; fileRef = 4FAC5EE019707CE40007D988 /* CoreGraphics.framework */; };
		4FAC5EE319707CE40007D988 /* UIKit.framework in Frameworks */ = {isa = PBXBuildFile; fileRef = 4FAC5EE219707CE40007D988 /* UIKit.framework */; };
		4FAC5EE919707CE40007D988 /* InfoPlist.strings in Resources */ = {isa = PBXBuildFile; fileRef = 4FAC5EE719707CE40007D988 /* InfoPlist.strings */; };
		4FAC5EEB19707CE40007D988 /* main.m in Sources */ = {isa = PBXBuildFile; fileRef = 4FAC5EEA19707CE40007D988 /* main.m */; };
		4FAC5EEF19707CE40007D988 /* LHAppDelegate.m in Sources */ = {isa = PBXBuildFile; fileRef = 4FAC5EEE19707CE40007D988 /* LHAppDelegate.m */; };
		4FAC5EF119707CE40007D988 /* Images.xcassets in Resources */ = {isa = PBXBuildFile; fileRef = 4FAC5EF019707CE40007D988 /* Images.xcassets */; };
		4FAC5EF819707CE40007D988 /* XCTest.framework in Frameworks */ = {isa = PBXBuildFile; fileRef = 4FAC5EF719707CE40007D988 /* XCTest.framework */; };
		4FAC5EF919707CE40007D988 /* Foundation.framework in Frameworks */ = {isa = PBXBuildFile; fileRef = 4FAC5EDE19707CE40007D988 /* Foundation.framework */; };
		4FAC5EFA19707CE40007D988 /* UIKit.framework in Frameworks */ = {isa = PBXBuildFile; fileRef = 4FAC5EE219707CE40007D988 /* UIKit.framework */; };
		4FAC5F0219707CE40007D988 /* InfoPlist.strings in Resources */ = {isa = PBXBuildFile; fileRef = 4FAC5F0019707CE40007D988 /* InfoPlist.strings */; };
		4FAC5F0419707CE40007D988 /* NoiseGeneratorTests.m in Sources */ = {isa = PBXBuildFile; fileRef = 4FAC5F0319707CE40007D988 /* NoiseGeneratorTests.m */; };
/* End PBXBuildFile section */

/* Begin PBXContainerItemProxy section */
		4FAC5EFB19707CE40007D988 /* PBXContainerItemProxy */ = {
			isa = PBXContainerItemProxy;
			containerPortal = 4FAC5ED319707CE40007D988 /* Project object */;
			proxyType = 1;
			remoteGlobalIDString = 4FAC5EDA19707CE40007D988;
			remoteInfo = NoiseGenerator;
		};
/* End PBXContainerItemProxy section */

/* Begin PBXFileReference section */
		4FAC5EDB19707CE40007D988 /* NoiseGenerator.app */ = {isa = PBXFileReference; explicitFileType = wrapper.application; includeInIndex = 0; path = NoiseGenerator.app; sourceTree = BUILT_PRODUCTS_DIR; };
		4FAC5EDE19707CE40007D988 /* Foundation.framework */ = {isa = PBXFileReference; lastKnownFileType = wrapper.framework; name = Foundation.framework; path = System/Library/Frameworks/Foundation.framework; sourceTree = SDKROOT; };
		4FAC5EE019707CE40007D988 /* CoreGraphics.framework */ = {isa = PBXFileReference; lastKnownFileType = wrapper.framework; name = CoreGraphics.framework; path = System/Library/Frameworks/CoreGraphics.framework; sourceTree = SDKROOT; };
		4FAC5EE219707CE40007D988 /* UIKit.framework */ = {isa = PBXFileReference; lastKnownFileType = wrapper.framework; name = UIKit.framework; path = System/Library/Frameworks/UIKit.framework; sourceTree = SDKROOT; };
		4FAC5EE619707CE40007D988 /* NoiseGenerator-Info.plist */ = {isa = PBXFileReference; lastKnownFileType = text.plist.xml; path = "NoiseGenerator-Info.plist"; sourceTree = "<group>"; };
		4FAC5EE819707CE40007D988 /* en */ = {isa = PBXFileReference; lastKnownFileType = text.plist.strings; name = en; path = en.lproj/InfoPlist.strings; sourceTree = "<group>"; };
		4FAC5EEA19707CE40007D988 /* main.m */ = {isa = PBXFileReference; lastKnownFileType = sourcecode.c.objc; path = main.m; sourceTree = "<group>"; };
		4FAC5EEC19707CE40007D988 /* NoiseGenerator-Prefix.pch */ = {isa = PBXFileReference; lastKnownFileType = sourcecode.c.h; path = "NoiseGenerator-Prefix.pch"; sourceTree = "<group>"; };
		4FAC5EED19707CE40007D988 /* LHAppDelegate.h */ = {isa = PBXFileReference; lastKnownFileType = sourcecode.c.h; path = LHAppDelegate.h; sourceTree = "<group>"; };
		4FAC5EEE19707CE40007D988 /* LHAppDelegate.m */ = {isa = PBXFileReference; lastKnownFileType = sourcecode.c.objc; path = LHAppDelegate.m; sourceTree = "<group>"; };
		4FAC5EF019707CE40007D988 /* Images.xcassets */ = {isa = PBXFileReference; lastKnownFileType = folder.assetcatalog; path = Images.xcassets; sourceTree = "<group>"; };
		4FAC5EF619707CE40007D988 /* NoiseGeneratorTests.xctest */ = {isa = PBXFileReference; explicitFileType = wrapper.cfbundle; includeInIndex = 0; path = NoiseGeneratorTests.xctest; sourceTree = BUILT_PRODUCTS_DIR; };
		4FAC5EF719707CE40007D988 /* XCTest.framework */ = {isa = PBXFileReference; lastKnownFileType = wrapper.framework; name = XCTest.framework; path = Library/Frameworks/XCTest.framework; sourceTree = DEVELOPER_DIR; };
		4FAC5EFF19707CE40007D988 /* NoiseGeneratorTests-Info.plist */ = {isa = PBXFileReference; lastKnownFileType = text.plist.xml; path = "NoiseGeneratorTests-Info.plist"; sourceTree = "<group>"; };
		4FAC5F0119707CE40007D988 /* en */ = {isa = PBXFileReference; lastKnownFileType = text.plist.strings; name = en; path = en.lproj/InfoPlist.strings; sourceTree = "<group>"; };
		4FAC5F0319707CE40007D988 /* NoiseGeneratorTests.m */ = {isa = PBXFileReference; lastKnownFileType = sourcecode.c.objc; path = NoiseGeneratorTests.m; sourceTree = "<group>"; };
/* End PBXFileReference section */

/* Begin PBXFrameworksBuildPhase section */
		4FAC5ED819707CE40007D988 /* Frameworks */ = {
			isa = PBXFrameworksBuildPhase;
			buildActionMask = 2147483647;
			files = (
				4FAC5EE119707CE40007D988 /* CoreGraphics.framework in Frameworks */,
				4FAC5EE319707CE40007D988 /* UIKit.framework in Frameworks */,
				4FAC5EDF19707CE40007D988 /* Foundation.framework in Frameworks */,
			);
			runOnlyForDeploymentPostprocessing = 0;
		};
		4FAC5EF319707CE40007D988 /* Frameworks */ = {
			isa = PBXFrameworksBuildPhase;
			buildActionMask = 2147483647;
			files = (
				4FAC5EF819707CE40007D988 /* XCTest.framework in Frameworks */,
				4FAC5EFA19707CE40007D988 /* UIKit.framework in Frameworks */,
				4FAC5EF919707CE40007D988 /* Foundation.framework in Frameworks */,
			);
			runOnlyForDeploymentPostprocessing = 0;
		};
/* End PBXFrameworksBuildPhase section */

/* Begin PBXGroup section */
		4FAC5ED219707CE40007D988 = {
			isa = PBXGroup;
			children = (
				4FAC5EE419707CE40007D988 /* NoiseGenerator */,
				4FAC5EFD19707CE40007D988 /* NoiseGeneratorTests */,
				4FAC5EDD19707CE40007D988 /* Frameworks */,
				4FAC5EDC19707CE40007D988 /* Products */,
			);
			sourceTree = "<group>";
		};
		4FAC5EDC19707CE40007D988 /* Products */ = {
			isa = PBXGroup;
			children = (
				4FAC5EDB19707CE40007D988 /* NoiseGenerator.app */,
				4FAC5EF619707CE40007D988 /* NoiseGeneratorTests.xctest */,
			);
			name = Products;
			sourceTree = "<group>";
		};
		4FAC5EDD19707CE40007D988 /* Frameworks */ = {
			isa = PBXGroup;
			children = (
				4FAC5EDE19707CE40007D988 /* Foundation.framework */,
				4FAC5EE019707CE40007D988 /* CoreGraphics.framework */,
				4FAC5EE219707CE40007D988 /* UIKit.framework */,
				4FAC5EF719707CE40007D988 /* XCTest.framework */,
			);
			name = Frameworks;
			sourceTree = "<group>";
		};
		4FAC5EE419707CE40007D988 /* NoiseGenerator */ = {
			isa = PBXGroup;
			children = (
				4FAC5EED19707CE40007D988 /* LHAppDelegate.h */,
				4FAC5EEE19707CE40007D988 /* LHAppDelegate.m */,
				4FAC5EF019707CE40007D988 /* Images.xcassets */,
				4FAC5EE519707CE40007D988 /* Supporting Files */,
			);
			path = NoiseGenerator;
			sourceTree = "<group>";
		};
		4FAC5EE519707CE40007D988 /* Supporting Files */ = {
			isa = PBXGroup;
			children = (
				4FAC5EE619707CE40007D988 /* NoiseGenerator-Info.plist */,
				4FAC5EE719707CE40007D988 /* InfoPlist.strings */,
				4FAC5EEA19707CE40007D988 /* main.m */,
				4FAC5EEC19707CE40007D988 /* NoiseGenerator-Prefix.pch */,
			);
			name = "Supporting Files";
			sourceTree = "<group>";
		};
		4FAC5EFD19707CE40007D988 /* NoiseGeneratorTests */ = {
			isa = PBXGroup;
			children = (
				4FAC5F0319707CE40007D988 /* NoiseGeneratorTests.m */,
				4FAC5EFE19707CE40007D988 /* Supporting Files */,
			);
			path = NoiseGeneratorTests;
			sourceTree = "<group>";
		};
		4FAC5EFE19707CE40007D988 /* Supporting Files */ = {
			isa = PBXGroup;
			children = (
				4FAC5EFF19707CE40007D988 /* NoiseGeneratorTests-Info.plist */,
				4FAC5F0019707CE40007D988 /* InfoPlist.strings */,
			);
			name = "Supporting Files";
			sourceTree = "<group>";
		};
/* End PBXGroup section */

/* Begin PBXNativeTarget section */
		4FAC5EDA19707CE40007D988 /* NoiseGenerator */ = {
			isa = PBXNativeTarget;
			buildConfigurationList = 4FAC5F0719707CE40007D988 /* Build configuration list for PBXNativeTarget "NoiseGenerator" */;
			buildPhases = (
				4FAC5ED719707CE40007D988 /* Sources */,
				4FAC5ED819707CE40007D988 /* Frameworks */,
				4FAC5ED919707CE40007D988 /* Resources */,
			);
			buildRules = (
			);
			dependencies = (
			);
			name = NoiseGenerator;
			productName = NoiseGenerator;
			productReference = 4FAC5EDB19707CE40007D988 /* NoiseGenerator.app */;
			productType = "com.apple.product-type.application";
		};
		4FAC5EF519707CE40007D988 /* NoiseGeneratorTests */ = {
			isa = PBXNativeTarget;
			buildConfigurationList = 4FAC5F0A19707CE40007D988 /* Build configuration list for PBXNativeTarget "NoiseGeneratorTests" */;
			buildPhases = (
				4FAC5EF219707CE40007D988 /* Sources */,
				4FAC5EF319707CE40007D988 /* Frameworks */,
				4FAC5EF419707CE40007D988 /* Resources */,
			);
			buildRules = (
			);
			dependencies = (
				4FAC5EFC19707CE40007D988 /* PBXTargetDependency */,
			);
			name = NoiseGeneratorTests;
			productName = NoiseGeneratorTests;
			productReference = 4FAC5EF619707CE40007D988 /* NoiseGeneratorTests.xctest */;
			productType = "com.apple.product-type.bundle.unit-test";
		};
/* End PBXNativeTarget section */

/* Begin PBXProject section */
		4FAC5ED319707CE40007D988 /* Project object */ = {
			isa = PBXProject;
			attributes = {
				CLASSPREFIX = LH;
				LastUpgradeCheck = 0510;
				ORGANIZATIONNAME = "Lone House";
				TargetAttributes = {
					4FAC5EF519707CE40007D988 = {
						TestTargetID = 4FAC5EDA19707CE40007D988;
					};
				};
			};
			buildConfigurationList = 4FAC5ED619707CE40007D988 /* Build configuration list for PBXProject "NoiseGenerator" */;
			compatibilityVersion = "Xcode 3.2";
			developmentRegion = English;
			hasScannedForEncodings = 0;
			knownRegions = (
				en,
			);
			mainGroup = 4FAC5ED219707CE40007D988;
			productRefGroup = 4FAC5EDC19707CE40007D988 /* Products */;
			projectDirPath = "";
			projectRoot = "";
			targets = (
				4FAC5EDA19707CE40007D988 /* NoiseGenerator */,
				4FAC5EF519707CE40007D988 /* NoiseGeneratorTests */,
			);
		};
/* End PBXProject section */

/* Begin PBXResourcesBuildPhase section */
		4FAC5ED919707CE40007D988 /* Resources */ = {
			isa = PBXResourcesBuildPhase;
			buildActionMask = 2147483647;
			files = (
				4FAC5EE919707CE40007D988 /* InfoPlist.strings in Resources */,
				4FAC5EF119707CE40007D988 /* Images.xcassets in Resources */,
			);
			runOnlyForDeploymentPostprocessing = 0;
		};
		4FAC5EF419707CE40007D988 /* Resources */ = {
			isa = PBXResourcesBuildPhase;
			buildActionMask = 2147483647;
			files = (
				4FAC5F0219707CE40007D988 /* InfoPlist.strings in Resources */,
			);
			runOnlyForDeploymentPostprocessing = 0;
		};
/* End PBXResourcesBuildPhase section */

/* Begin PBXSourcesBuildPhase section */
		4FAC5ED719707CE40007D988 /* Sources */ = {
			isa = PBXSourcesBuildPhase;
			buildActionMask = 2147483647;
			files = (
				4FAC5EEF19707CE40007D988 /* LHAppDelegate.m in Sources */,
				4FAC5EEB19707CE40007D988 /* main.m in Sources */,
			);
			runOnlyForDeploymentPostprocessing = 0;
		};
		4FAC5EF219707CE40007D988 /* Sources */ = {
			isa = PBXSourcesBuildPhase;
			buildActionMask = 2147483647;
			files = (
				4FAC5F0419707CE40007D988 /* NoiseGeneratorTests.m in Sources */,
			);
			runOnlyForDeploymentPostprocessing = 0;
		};
/* End PBXSourcesBuildPhase section */

/* Begin PBXTargetDependency section */
		4FAC5EFC19707CE40007D988 /* PBXTargetDependency */ = {
			isa = PBXTargetDependency;
			target = 4FAC5EDA19707CE40007D988 /* NoiseGenerator */;
			targetProxy = 4FAC5EFB19707CE40007D988 /* PBXContainerItemProxy */;
		};
/* End PBXTargetDependency section */

/* Begin PBXVariantGroup section */
		4FAC5EE719707CE40007D988 /* InfoPlist.strings */ = {
			isa = PBXVariantGroup;
			children = (
				4FAC5EE819707CE40007D988 /* en */,
			);
			name = InfoPlist.strings;
			sourceTree = "<group>";
		};
		4FAC5F0019707CE40007D988 /* InfoPlist.strings */ = {
			isa = PBXVariantGroup;
			children = (
				4FAC5F0119707CE40007D988 /* en */,
			);
			name = InfoPlist.strings;
			sourceTree = "<group>";
		};
/* End PBXVariantGroup section */

/* Begin XCBuildConfiguration section */
		4FAC5F0519707CE40007D988 /* Debug */ = {
			isa = XCBuildConfiguration;
			buildSettings = {
				ALWAYS_SEARCH_USER_PATHS = NO;
				CLANG_CXX_LANGUAGE_STANDARD = "gnu++0x";
				CLANG_CXX_LIBRARY = "libc++";
				CLANG_ENABLE_MODULES = YES;
				CLANG_ENABLE_OBJC_ARC = YES;
				CLANG_WARN_BOOL_CONVERSION = YES;
				CLANG_WARN_CONSTANT_CONVERSION = YES;
				CLANG_WARN_DIRECT_OBJC_ISA_USAGE = YES_ERROR;
				CLANG_WARN_EMPTY_BODY = YES;
				CLANG_WARN_ENUM_CONVERSION = YES;
				CLANG_WARN_INT_CONVERSION = YES;
				CLANG_WARN_OBJC_ROOT_CLASS = YES_ERROR;
				CLANG_WARN__DUPLICATE_METHOD_MATCH = YES;
				"CODE_SIGN_IDENTITY[sdk=iphoneos*]" = "iPhone Developer";
				COPY_PHASE_STRIP = NO;
				GCC_C_LANGUAGE_STANDARD = gnu99;
				GCC_DYNAMIC_NO_PIC = NO;
				GCC_OPTIMIZATION_LEVEL = 0;
				GCC_PREPROCESSOR_DEFINITIONS = (
					"DEBUG=1",
					"$(inherited)",
				);
				GCC_SYMBOLS_PRIVATE_EXTERN = NO;
				GCC_WARN_64_TO_32_BIT_CONVERSION = YES;
				GCC_WARN_ABOUT_RETURN_TYPE = YES_ERROR;
				GCC_WARN_UNDECLARED_SELECTOR = YES;
				GCC_WARN_UNINITIALIZED_AUTOS = YES_AGGRESSIVE;
				GCC_WARN_UNUSED_FUNCTION = YES;
				GCC_WARN_UNUSED_VARIABLE = YES;
				IPHONEOS_DEPLOYMENT_TARGET = 7.1;
				ONLY_ACTIVE_ARCH = YES;
				SDKROOT = iphoneos;
			};
			name = Debug;
		};
		4FAC5F0619707CE40007D988 /* Release */ = {
			isa = XCBuildConfiguration;
			buildSettings = {
				ALWAYS_SEARCH_USER_PATHS = NO;
				CLANG_CXX_LANGUAGE_STANDARD = "gnu++0x";
				CLANG_CXX_LIBRARY = "libc++";
				CLANG_ENABLE_MODULES = YES;
				CLANG_ENABLE_OBJC_ARC = YES;
				CLANG_WARN_BOOL_CONVERSION = YES;
				CLANG_WARN_CONSTANT_CONVERSION = YES;
				CLANG_WARN_DIRECT_OBJC_ISA_USAGE = YES_ERROR;
				CLANG_WARN_EMPTY_BODY = YES;
				CLANG_WARN_ENUM_CONVERSION = YES;
				CLANG_WARN_INT_CONVERSION = YES;
				CLANG_WARN_OBJC_ROOT_CLASS = YES_ERROR;
				CLANG_WARN__DUPLICATE_METHOD_MATCH = YES;
				"CODE_SIGN_IDENTITY[sdk=iphoneos*]" = "iPhone Developer";
				COPY_PHASE_STRIP = YES;
				ENABLE_NS_ASSERTIONS = NO;
				GCC_C_LANGUAGE_STANDARD = gnu99;
				GCC_WARN_64_TO_32_BIT_CONVERSION = YES;
				GCC_WARN_ABOUT_RETURN_TYPE = YES_ERROR;
				GCC_WARN_UNDECLARED_SELECTOR = YES;
				GCC_WARN_UNINITIALIZED_AUTOS = YES_AGGRESSIVE;
				GCC_WARN_UNUSED_FUNCTION = YES;
				GCC_WARN_UNUSED_VARIABLE = YES;
				IPHONEOS_DEPLOYMENT_TARGET = 7.1;
				SDKROOT = iphoneos;
				VALIDATE_PRODUCT = YES;
			};
			name = Release;
		};
		4FAC5F0819707CE40007D988 /* Debug */ = {
			isa = XCBuildConfiguration;
			buildSettings = {
				ASSETCATALOG_COMPILER_APPICON_NAME = AppIcon;
				ASSETCATALOG_COMPILER_LAUNCHIMAGE_NAME = LaunchImage;
				GCC_PRECOMPILE_PREFIX_HEADER = YES;
				GCC_PREFIX_HEADER = "NoiseGenerator/NoiseGenerator-Prefix.pch";
				INFOPLIST_FILE = "NoiseGenerator/NoiseGenerator-Info.plist";
				PRODUCT_NAME = "$(TARGET_NAME)";
				WRAPPER_EXTENSION = app;
			};
			name = Debug;
		};
		4FAC5F0919707CE40007D988 /* Release */ = {
			isa = XCBuildConfiguration;
			buildSettings = {
				ASSETCATALOG_COMPILER_APPICON_NAME = AppIcon;
				ASSETCATALOG_COMPILER_LAUNCHIMAGE_NAME = LaunchImage;
				GCC_PRECOMPILE_PREFIX_HEADER = YES;
				GCC_PREFIX_HEADER = "NoiseGenerator/NoiseGenerator-Prefix.pch";
				INFOPLIST_FILE = "NoiseGenerator/NoiseGenerator-Info.plist";
				PRODUCT_NAME = "$(TARGET_NAME)";
				WRAPPER_EXTENSION = app;
			};
			name = Release;
		};
		4FAC5F0B19707CE40007D988 /* Debug */ = {
			isa = XCBuildConfiguration;
			buildSettings = {
				BUNDLE_LOADER = "$(BUILT_PRODUCTS_DIR)/NoiseGenerator.app/NoiseGenerator";
				FRAMEWORK_SEARCH_PATHS = (
					"$(SDKROOT)/Developer/Library/Frameworks",
					"$(inherited)",
					"$(DEVELOPER_FRAMEWORKS_DIR)",
				);
				GCC_PRECOMPILE_PREFIX_HEADER = YES;
				GCC_PREFIX_HEADER = "NoiseGenerator/NoiseGenerator-Prefix.pch";
				GCC_PREPROCESSOR_DEFINITIONS = (
					"DEBUG=1",
					"$(inherited)",
				);
				INFOPLIST_FILE = "NoiseGeneratorTests/NoiseGeneratorTests-Info.plist";
				PRODUCT_NAME = "$(TARGET_NAME)";
				TEST_HOST = "$(BUNDLE_LOADER)";
				WRAPPER_EXTENSION = xctest;
			};
			name = Debug;
		};
		4FAC5F0C19707CE40007D988 /* Release */ = {
			isa = XCBuildConfiguration;
			buildSettings = {
				BUNDLE_LOADER = "$(BUILT_PRODUCTS_DIR)/NoiseGenerator.app/NoiseGenerator";
				FRAMEWORK_SEARCH_PATHS = (
					"$(SDKROOT)/Developer/Library/Frameworks",
					"$(inherited)",
					"$(DEVELOPER_FRAMEWORKS_DIR)",
				);
				GCC_PRECOMPILE_PREFIX_HEADER = YES;
				GCC_PREFIX_HEADER = "NoiseGenerator/NoiseGenerator-Prefix.pch";
				INFOPLIST_FILE = "NoiseGeneratorTests/NoiseGeneratorTests-Info.plist";
				PRODUCT_NAME = "$(TARGET_NAME)";
				TEST_HOST = "$(BUNDLE_LOADER)";
				WRAPPER_EXTENSION = xctest;
			};
			name = Release;
		};
/* End XCBuildConfiguration section */

/* Begin XCConfigurationList section */
		4FAC5ED619707CE40007D988 /* Build configuration list for PBXProject "NoiseGenerator" */ = {
			isa = XCConfigurationList;
			buildConfigurations = (
				4FAC5F0519707CE40007D988 /* Debug */,
				4FAC5F0619707CE40007D988 /* Release */,
			);
			defaultConfigurationIsVisible = 0;
			defaultConfigurationName = Release;
		};
		4FAC5F0719707CE40007D988 /* Build configuration list for PBXNativeTarget "NoiseGenerator" */ = {
			isa = XCConfigurationList;
			buildConfigurations = (
				4FAC5F0819707CE40007D988 /* Debug */,
				4FAC5F0919707CE40007D988 /* Release */,
			);
			defaultConfigurationIsVisible = 0;
		};
		4FAC5F0A19707CE40007D988 /* Build configuration list for PBXNativeTarget "NoiseGeneratorTests" */ = {
			isa = XCConfigurationList;
			buildConfigurations = (
				4FAC5F0B19707CE40007D988 /* Debug */,
				4FAC5F0C19707CE40007D988 /* Release */,
			);
			defaultConfigurationIsVisible = 0;
		};
/* End XCConfigurationList section */
	};
	rootObject = 4FAC5ED319707CE40007D988 /* Project object */;
}
